
Microsoft Visual Studio Solution File, Format Version 12.00
# Visual Studio 15
VisualStudioVersion = 15.0.26430.15
MinimumVisualStudioVersion = 10.0.40219.1
Project("{FAE04EC0-301F-11D3-BF4B-00C04F79EFBC}") = "ModernStore.Domain", "ModernStore.Domain\ModernStore.Domain.csproj", "{3E2E1C4D-EB24-4F5D-A1D0-AC6A062F4403}"
EndProject
Project("{FAE04EC0-301F-11D3-BF4B-00C04F79EFBC}") = "ModernStore.Console", "ModernStore.Console\ModernStore.Console.csproj", "{F60DCF5D-B2D4-4A84-A6A9-2A43E4871F02}"
EndProject
Global
	GlobalSection(SolutionConfigurationPlatforms) = preSolution
		Debug|Any CPU = Debug|Any CPU
		Release|Any CPU = Release|Any CPU
	EndGlobalSection
	GlobalSection(ProjectConfigurationPlatforms) = postSolution
		{3E2E1C4D-EB24-4F5D-A1D0-AC6A062F4403}.Debug|Any CPU.ActiveCfg = Debug|Any CPU
		{3E2E1C4D-EB24-4F5D-A1D0-AC6A062F4403}.Debug|Any CPU.Build.0 = Debug|Any CPU
		{3E2E1C4D-EB24-4F5D-A1D0-AC6A062F4403}.Release|Any CPU.ActiveCfg = Release|Any CPU
		{3E2E1C4D-EB24-4F5D-A1D0-AC6A062F4403}.Release|Any CPU.Build.0 = Release|Any CPU
		{F60DCF5D-B2D4-4A84-A6A9-2A43E4871F02}.Debug|Any CPU.ActiveCfg = Debug|Any CPU
		{F60DCF5D-B2D4-4A84-A6A9-2A43E4871F02}.Debug|Any CPU.Build.0 = Debug|Any CPU
		{F60DCF5D-B2D4-4A84-A6A9-2A43E4871F02}.Release|Any CPU.ActiveCfg = Release|Any CPU
		{F60DCF5D-B2D4-4A84-A6A9-2A43E4871F02}.Release|Any CPU.Build.0 = Release|Any CPU
	EndGlobalSection
	GlobalSection(SolutionProperties) = preSolution
		HideSolutionNode = FALSE
	EndGlobalSection
EndGlobal
